
Microsoft Visual Studio Solution File, Format Version 12.00
# Visual Studio Version 16
VisualStudioVersion = 16.0.28803.202
MinimumVisualStudioVersion = 10.0.40219.1
Project("{FAE04EC0-301F-11D3-BF4B-00C04F79EFBC}") = "XVM_EnableGoldFreeXPLocker", "XVM_EnableGoldFreeXPLocker.csproj", "{B53C7044-CD4D-4242-AE5C-E85513DCE79C}"
EndProject
Global
	GlobalSection(SolutionConfigurationPlatforms) = preSolution
		Debug|Any CPU = Debug|Any CPU
		Release|Any CPU = Release|Any CPU
	EndGlobalSection
	GlobalSection(ProjectConfigurationPlatforms) = postSolution
		{B53C7044-CD4D-4242-AE5C-E85513DCE79C}.Debug|Any CPU.ActiveCfg = Debug|Any CPU
		{B53C7044-CD4D-4242-AE5C-E85513DCE79C}.Debug|Any CPU.Build.0 = Debug|Any CPU
		{B53C7044-CD4D-4242-AE5C-E85513DCE79C}.Release|Any CPU.ActiveCfg = Release|Any CPU
		{B53C7044-CD4D-4242-AE5C-E85513DCE79C}.Release|Any CPU.Build.0 = Release|Any CPU
	EndGlobalSection
	GlobalSection(SolutionProperties) = preSolution
		HideSolutionNode = FALSE
	EndGlobalSection
	GlobalSection(ExtensibilityGlobals) = postSolution
		SolutionGuid = {FAA7D988-7087-4643-8378-090484C87263}
	EndGlobalSection
EndGlobal
